{
  "name": "ts_app",
  "version": "1.0.0",
  "lockfileVersion": 2,
  "requires": true,
  "packages": {
    "": {
      "version": "1.0.0",
      "license": "ISC",
      "dependencies": {
        "@dinero.js/calculator-bigint": "*",
        "@dinero.js/currencies": "^2.0.0-alpha.8",
        "dinero.js": "^2.0.0-alpha.8",
        "practice_wasm": "../pkg"
      },
      "devDependencies": {
        "typescript": "^4.7.4"
      }
    },
    "../pkg": {
      "name": "practice_wasm",
      "version": "0.1.0"
    },
    "node_modules/@dinero.js/calculator-bigint": {
      "version": "2.0.0-alpha.2",
      "resolved": "https://registry.npmjs.org/@dinero.js/calculator-bigint/-/calculator-bigint-2.0.0-alpha.2.tgz",
      "integrity": "sha512-OeKH099LRETNX+E19nYNgjo5Mmui+00OU8SGtPDVSYCFg0mhOtZY1orKvFTsj6xlLU4U3kz2UkHtrrFkrV7ZCQ==",
      "dependencies": {
        "@dinero.js/core": "2.0.0-alpha.2"
      }
    },
    "node_modules/@dinero.js/calculator-bigint/node_modules/@dinero.js/core": {
      "version": "2.0.0-alpha.2",
      "resolved": "https://registry.npmjs.org/@dinero.js/core/-/core-2.0.0-alpha.2.tgz",
      "integrity": "sha512-+qVC3S0tsC9R4SI1AM2POfMVnDEBXmjFrYZQOPEJnDAOPDblK2FVQpuAyqqgq1zZiv+aTcdxHlt3/YoJZwhHVg==",
      "dependencies": {
        "@dinero.js/currencies": "2.0.0-alpha.2"
      }
    },
    "node_modules/@dinero.js/calculator-bigint/node_modules/@dinero.js/currencies": {
      "version": "2.0.0-alpha.2",
      "resolved": "https://registry.npmjs.org/@dinero.js/currencies/-/currencies-2.0.0-alpha.2.tgz",
      "integrity": "sha512-CCJxikgT8qkSZHe42Eo2eMYhDwK6eZ8VU/8Kfysms6t/8B4YgoibcB+bYn/Veu5ZZVnmN+K4mJJUHzWR86l0pg=="
    },
    "node_modules/@dinero.js/calculator-number": {
      "version": "2.0.0-alpha.8",
      "resolved": "https://registry.npmjs.org/@dinero.js/calculator-number/-/calculator-number-2.0.0-alpha.8.tgz",
      "integrity": "sha512-/L+N7g5DjcS6wlMb2hcOXWBKW2TGiG+vZDZr9ow0nsHUTdwtMarL1bmBH9fGldHhH2XsxcrjN9H+036yeNzh3Q==",
      "dependencies": {
        "@dinero.js/core": "2.0.0-alpha.8"
      }
    },
    "node_modules/@dinero.js/core": {
      "version": "2.0.0-alpha.8",
      "resolved": "https://registry.npmjs.org/@dinero.js/core/-/core-2.0.0-alpha.8.tgz",
      "integrity": "sha512-3jaw2j6J/SshlCZz5KhHkh8zP47HRmt9RpnjR0BJs2awpweVuZIyyX9qzGVUEVpml9IwzQ1U+YdXevhOxtcDgg==",
      "dependencies": {
        "@dinero.js/currencies": "2.0.0-alpha.8"
      }
    },
    "node_modules/@dinero.js/currencies": {
      "version": "2.0.0-alpha.8",
      "resolved": "https://registry.npmjs.org/@dinero.js/currencies/-/currencies-2.0.0-alpha.8.tgz",
      "integrity": "sha512-zApiqtuuPwjiM9LJA5/kNcT48VSHRiz2/mktkXjIpfxrJKzthXybUAgEenExIH6dYhLDgVmsLQZtZFOsdYl0Ag=="
    },
    "node_modules/dinero.js": {
      "version": "2.0.0-alpha.8",
      "resolved": "https://registry.npmjs.org/dinero.js/-/dinero.js-2.0.0-alpha.8.tgz",
      "integrity": "sha512-6bl+g6oh6iQ6vPR5Pd4qr7D+P5e51GYRUT3jl8HYqYeejYC5sd9OVTTbXC3WU7L25mAIbOm+diiTVz1rL4QLwg==",
      "dependencies": {
        "@dinero.js/calculator-number": "2.0.0-alpha.8",
        "@dinero.js/core": "2.0.0-alpha.8",
        "@dinero.js/currencies": "2.0.0-alpha.8"
      }
    },
    "node_modules/practice_wasm": {
      "resolved": "../pkg",
      "link": true
    },
    "node_modules/typescript": {
      "version": "4.7.4",
      "resolved": "https://registry.npmjs.org/typescript/-/typescript-4.7.4.tgz",
      "integrity": "sha512-C0WQT0gezHuw6AdY1M2jxUO83Rjf0HP7Sk1DtXj6j1EwkQNZrHAg2XPWlq62oqEhYvONq5pkC2Y9oPljWToLmQ==",
      "dev": true,
      "bin": {
        "tsc": "bin/tsc",
        "tsserver": "bin/tsserver"
      },
      "engines": {
        "node": ">=4.2.0"
      }
    }
  },
  "dependencies": {
    "@dinero.js/calculator-bigint": {
      "version": "2.0.0-alpha.2",
      "resolved": "https://registry.npmjs.org/@dinero.js/calculator-bigint/-/calculator-bigint-2.0.0-alpha.2.tgz",
      "integrity": "sha512-OeKH099LRETNX+E19nYNgjo5Mmui+00OU8SGtPDVSYCFg0mhOtZY1orKvFTsj6xlLU4U3kz2UkHtrrFkrV7ZCQ==",
      "requires": {
        "@dinero.js/core": "2.0.0-alpha.2"
      },
      "dependencies": {
        "@dinero.js/core": {
          "version": "2.0.0-alpha.2",
          "resolved": "https://registry.npmjs.org/@dinero.js/core/-/core-2.0.0-alpha.2.tgz",
          "integrity": "sha512-+qVC3S0tsC9R4SI1AM2POfMVnDEBXmjFrYZQOPEJnDAOPDblK2FVQpuAyqqgq1zZiv+aTcdxHlt3/YoJZwhHVg==",
          "requires": {
            "@dinero.js/currencies": "2.0.0-alpha.2"
          }
        },
        "@dinero.js/currencies": {
          "version": "2.0.0-alpha.2",
          "resolved": "https://registry.npmjs.org/@dinero.js/currencies/-/currencies-2.0.0-alpha.2.tgz",
          "integrity": "sha512-CCJxikgT8qkSZHe42Eo2eMYhDwK6eZ8VU/8Kfysms6t/8B4YgoibcB+bYn/Veu5ZZVnmN+K4mJJUHzWR86l0pg=="
        }
      }
    },
    "@dinero.js/calculator-number": {
      "version": "2.0.0-alpha.8",
      "resolved": "https://registry.npmjs.org/@dinero.js/calculator-number/-/calculator-number-2.0.0-alpha.8.tgz",
      "integrity": "sha512-/L+N7g5DjcS6wlMb2hcOXWBKW2TGiG+vZDZr9ow0nsHUTdwtMarL1bmBH9fGldHhH2XsxcrjN9H+036yeNzh3Q==",
      "requires": {
        "@dinero.js/core": "2.0.0-alpha.8"
      }
    },
    "@dinero.js/core": {
      "version": "2.0.0-alpha.8",
      "resolved": "https://registry.npmjs.org/@dinero.js/core/-/core-2.0.0-alpha.8.tgz",
      "integrity": "sha512-3jaw2j6J/SshlCZz5KhHkh8zP47HRmt9RpnjR0BJs2awpweVuZIyyX9qzGVUEVpml9IwzQ1U+YdXevhOxtcDgg==",
      "requires": {
        "@dinero.js/currencies": "2.0.0-alpha.8"
      }
    },
    "@dinero.js/currencies": {
      "version": "2.0.0-alpha.8",
      "resolved": "https://registry.npmjs.org/@dinero.js/currencies/-/currencies-2.0.0-alpha.8.tgz",
      "integrity": "sha512-zApiqtuuPwjiM9LJA5/kNcT48VSHRiz2/mktkXjIpfxrJKzthXybUAgEenExIH6dYhLDgVmsLQZtZFOsdYl0Ag=="
    },
    "dinero.js": {
      "version": "2.0.0-alpha.8",
      "resolved": "https://registry.npmjs.org/dinero.js/-/dinero.js-2.0.0-alpha.8.tgz",
      "integrity": "sha512-6bl+g6oh6iQ6vPR5Pd4qr7D+P5e51GYRUT3jl8HYqYeejYC5sd9OVTTbXC3WU7L25mAIbOm+diiTVz1rL4QLwg==",
      "requires": {
        "@dinero.js/calculator-number": "2.0.0-alpha.8",
        "@dinero.js/core": "2.0.0-alpha.8",
        "@dinero.js/currencies": "2.0.0-alpha.8"
      }
    },
    "practice_wasm": {
      "version": "file:../pkg"
    },
    "typescript": {
      "version": "4.7.4",
      "resolved": "https://registry.npmjs.org/typescript/-/typescript-4.7.4.tgz",
      "integrity": "sha512-C0WQT0gezHuw6AdY1M2jxUO83Rjf0HP7Sk1DtXj6j1EwkQNZrHAg2XPWlq62oqEhYvONq5pkC2Y9oPljWToLmQ==",
      "dev": true
    }
  }
}
